ARCH_IMAGE=docker.io/library/archlinux@sha256:b860afd5823683f7ea389ba5f00d812f4fe55f6f286dea329d2abeefa535e309
ARCH_SNAPSHOT=2026/08/27
DPP_REVISION=786ceb2e24f286d4e7f4b6b4a5dd934effdee6a4
DPP_VERSION=10.1.7
GCC_VERSION=16.2.1+r23+gd564253eb6c8-1
GCC_LIBS_VERSION=16.2.1+r23+gd564253eb6c8-1
GLIBC_VERSION=2.44+r24+g16be1518495f-1
SQLITE_VERSION=3.53.4-1
FFMPEG_VERSION=2:9.0.1-4
OPENSSL_VERSION=3.6.4-1
CURL_VERSION=8.21.0-1
SYSTEMD_VERSION=261.2-1
SYSTEMD_LIBS_VERSION=261.2-1
ZSTD_VERSION=1.5.7-3
ZLIB_VERSION=1:1.3.2-3
ZLIB_NG_VERSION=2.3.3-1
OPUS_VERSION=1.6.1-1
LIBSODIUM_VERSION=1.0.22-1
CATCH2_VERSION=3.15.3-1
CMAKE_VERSION=4.4.2-1
NINJA_VERSION=1.13.2-3
NLOHMANN_JSON_VERSION=3.12.0-2
SHELLCHECK_VERSION=0.11.0-131
TOOLCHAIN_ID=arch-2026-08-27-x86-64-v3-dpp-10.1.7
